DEPENDENCIES
  chef-bioinf-worker
    git: git://github.com/joergen7/chef-bioinf-worker.git
    revision: 4a0603adced084bf3f07622d0c4ebaaad396837e
  chef-cuneiform
    git: git://github.com/joergen7/chef-cuneiform.git
    revision: c654e46fffb6a65eb7a7b8e4ad3b518b5e162a5b
  mirna
    path: .
    metadata: true

GRAPH
  chef-bioinf-worker (0.1.0)
  chef-cuneiform (0.1.0)
  mirna (0.1.0)
